
Microsoft Visual Studio Solution File, Format Version 12.00
# Visual Studio Version 16
VisualStudioVersion = 16.0.29509.3
MinimumVisualStudioVersion = 10.0.40219.1
Project("{FAE04EC0-301F-11D3-BF4B-00C04F79EFBC}") = "News_Publishing_Final_Project", "News_Publishing_Final_Project.csproj", "{97E50847-14F0-450A-8A64-C2FCAE9E1E60}"
EndProject
Global
	GlobalSection(SolutionConfigurationPlatforms) = preSolution
		Debug|Any CPU = Debug|Any CPU
		Release|Any CPU = Release|Any CPU
	EndGlobalSection
	GlobalSection(ProjectConfigurationPlatforms) = postSolution
		{97E50847-14F0-450A-8A64-C2FCAE9E1E60}.Debug|Any CPU.ActiveCfg = Debug|Any CPU
		{97E50847-14F0-450A-8A64-C2FCAE9E1E60}.Debug|Any CPU.Build.0 = Debug|Any CPU
		{97E50847-14F0-450A-8A64-C2FCAE9E1E60}.Release|Any CPU.ActiveCfg = Release|Any CPU
		{97E50847-14F0-450A-8A64-C2FCAE9E1E60}.Release|Any CPU.Build.0 = Release|Any CPU
	EndGlobalSection
	GlobalSection(SolutionProperties) = preSolution
		HideSolutionNode = FALSE
	EndGlobalSection
	GlobalSection(ExtensibilityGlobals) = postSolution
		SolutionGuid = {D165E4D2-BA4D-496E-BB52-9127E1F96B35}
	EndGlobalSection
EndGlobal
